
Microsoft Visual Studio Solution File, Format Version 12.00
# Visual Studio 15
VisualStudioVersion = 15.0.27428.2043
MinimumVisualStudioVersion = 10.0.40219.1
Project("{9A19103F-16F7-4668-BE54-9A1E7A4F7556}") = "Database", "Database\Database.csproj", "{D964FABF-3127-42B8-886F-E647E0BBF965}"
EndProject
Project("{9A19103F-16F7-4668-BE54-9A1E7A4F7556}") = "API", "API\API.csproj", "{C9B21E7C-A461-4F64-A5FF-B0156CB4A63A}"
EndProject
Global
	GlobalSection(SolutionConfigurationPlatforms) = preSolution
		Debug|Any CPU = Debug|Any CPU
		Release|Any CPU = Release|Any CPU
	EndGlobalSection
	GlobalSection(ProjectConfigurationPlatforms) = postSolution
		{D964FABF-3127-42B8-886F-E647E0BBF965}.Debug|Any CPU.ActiveCfg = Debug|Any CPU
		{D964FABF-3127-42B8-886F-E647E0BBF965}.Debug|Any CPU.Build.0 = Debug|Any CPU
		{D964FABF-3127-42B8-886F-E647E0BBF965}.Release|Any CPU.ActiveCfg = Release|Any CPU
		{D964FABF-3127-42B8-886F-E647E0BBF965}.Release|Any CPU.Build.0 = Release|Any CPU
		{C9B21E7C-A461-4F64-A5FF-B0156CB4A63A}.Debug|Any CPU.ActiveCfg = Debug|Any CPU
		{C9B21E7C-A461-4F64-A5FF-B0156CB4A63A}.Debug|Any CPU.Build.0 = Debug|Any CPU
		{C9B21E7C-A461-4F64-A5FF-B0156CB4A63A}.Release|Any CPU.ActiveCfg = Release|Any CPU
		{C9B21E7C-A461-4F64-A5FF-B0156CB4A63A}.Release|Any CPU.Build.0 = Release|Any CPU
	EndGlobalSection
	GlobalSection(SolutionProperties) = preSolution
		HideSolutionNode = FALSE
	EndGlobalSection
	GlobalSection(ExtensibilityGlobals) = postSolution
		SolutionGuid = {7393878E-040B-4339-A0B3-09ADAC249FBC}
	EndGlobalSection
EndGlobal
